
Microsoft Visual Studio Solution File, Format Version 12.00
# Visual Studio Version 17
VisualStudioVersion = 17.11.35312.102
MinimumVisualStudioVersion = 10.0.40219.1
Project("{FAE04EC0-301F-11D3-BF4B-00C04F79EFBC}") = "BackEnd", "BackEnd.csproj", "{EFBD945D-9100-471E-9B83-28EC7CAE607B}"
EndProject
Project("{FAE04EC0-301F-11D3-BF4B-00C04F79EFBC}") = "FrontEnd", "..\FrontEnd\FrontEnd.csproj", "{8AA682E1-8F59-485C-AF5B-C31FFF70A1E0}"
EndProject
Global
	GlobalSection(SolutionConfigurationPlatforms) = preSolution
		Debug|Any CPU = Debug|Any CPU
		Release|Any CPU = Release|Any CPU
	EndGlobalSection
	GlobalSection(ProjectConfigurationPlatforms) = postSolution
		{EFBD945D-9100-471E-9B83-28EC7CAE607B}.Debug|Any CPU.ActiveCfg = Debug|Any CPU
		{EFBD945D-9100-471E-9B83-28EC7CAE607B}.Debug|Any CPU.Build.0 = Debug|Any CPU
		{EFBD945D-9100-471E-9B83-28EC7CAE607B}.Release|Any CPU.ActiveCfg = Release|Any CPU
		{EFBD945D-9100-471E-9B83-28EC7CAE607B}.Release|Any CPU.Build.0 = Release|Any CPU
		{8AA682E1-8F59-485C-AF5B-C31FFF70A1E0}.Debug|Any CPU.ActiveCfg = Debug|Any CPU
		{8AA682E1-8F59-485C-AF5B-C31FFF70A1E0}.Debug|Any CPU.Build.0 = Debug|Any CPU
		{8AA682E1-8F59-485C-AF5B-C31FFF70A1E0}.Release|Any CPU.ActiveCfg = Release|Any CPU
		{8AA682E1-8F59-485C-AF5B-C31FFF70A1E0}.Release|Any CPU.Build.0 = Release|Any CPU
	EndGlobalSection
	GlobalSection(SolutionProperties) = preSolution
		HideSolutionNode = FALSE
	EndGlobalSection
	GlobalSection(ExtensibilityGlobals) = postSolution
		SolutionGuid = {3A4FF0EE-E4D6-41E9-AD5C-C7A9ECFAFFAC}
	EndGlobalSection
EndGlobal
